
Microsoft Visual Studio Solution File, Format Version 12.00
# Visual Studio Version 16
VisualStudioVersion = 16.0.30611.23
MinimumVisualStudioVersion = 10.0.40219.1
Project("{2150E333-8FDC-42A3-9474-1A3956D46DE8}") = "Microservices", "Microservices", "{5C29AF9B-5EDD-470F-B28F-3E1168F740CB}"
EndProject
Project("{2150E333-8FDC-42A3-9474-1A3956D46DE8}") = "src", "src", "{1AB91D90-6253-4094-AC68-398C43B09A00}"
EndProject
Project("{9A19103F-16F7-4668-BE54-9A1E7A4F7556}") = "Gatway.Api", "src\Gatway.Api\Gatway.Api.csproj", "{DF91E4DA-A684-407D-BE5B-8514DB247E5A}"
EndProject
Project("{2150E333-8FDC-42A3-9474-1A3956D46DE8}") = "Identity", "Identity", "{583405A1-84AC-42F8-BA86-AD08CB54AE8B}"
EndProject
Project("{2150E333-8FDC-42A3-9474-1A3956D46DE8}") = "Called", "Called", "{A2C5854B-47C0-498E-B262-78C7708D9824}"
EndProject
Project("{2150E333-8FDC-42A3-9474-1A3956D46DE8}") = "Attendance", "Attendance", "{F0418DDB-17E4-4087-B28E-4E384B33655B}"
EndProject
Project("{2150E333-8FDC-42A3-9474-1A3956D46DE8}") = "Layers", "Layers", "{FE20A912-742C-4364-A886-CE7C5EC91A25}"
EndProject
Project("{9A19103F-16F7-4668-BE54-9A1E7A4F7556}") = "Called.Domain", "src\Called.Domain\Called.Domain.csproj", "{D3B683AC-9150-40F5-84C8-BF5EEE96C4F8}"
EndProject
Project("{9A19103F-16F7-4668-BE54-9A1E7A4F7556}") = "Called.Application", "src\Called.Application\Called.Application.csproj", "{FBD0ED81-C763-420B-BB52-41839DE2FE64}"
EndProject
Project("{9A19103F-16F7-4668-BE54-9A1E7A4F7556}") = "Called.Infrastructure.IoC", "src\Called.Infrastructure.IoC\Called.Infrastructure.IoC.csproj", "{BFA2C07C-F65F-446C-8B58-EE5A75024FEE}"
EndProject
Project("{9A19103F-16F7-4668-BE54-9A1E7A4F7556}") = "Called.Infrastructure", "src\Called.Infrastructure\Called.Infrastructure.csproj", "{DA7DB620-5443-42DE-80FF-8DE77AEB3BF3}"
EndProject
Project("{2150E333-8FDC-42A3-9474-1A3956D46DE8}") = "Layers", "Layers", "{276EB95A-0FA1-4D0B-AF53-0610D71BE231}"
EndProject
Project("{2150E333-8FDC-42A3-9474-1A3956D46DE8}") = "Layers", "Layers", "{CBD20388-09D6-47C6-8BF7-DB5546977E41}"
EndProject
Project("{FAE04EC0-301F-11D3-BF4B-00C04F79EFBC}") = "Called.Api", "src\Called.Api\Called.Api.csproj", "{046EE7D2-8EAA-4E36-B0D9-143BA0BCB11A}"
EndProject
Project("{FAE04EC0-301F-11D3-BF4B-00C04F79EFBC}") = "Attemdance.Api", "src\Attemdance.Api\Attemdance.Api.csproj", "{76B981B3-0003-4A5C-AD0B-1A85F3A5EE10}"
EndProject
Project("{FAE04EC0-301F-11D3-BF4B-00C04F79EFBC}") = "Identity.Api", "src\Identity.Api\Identity.Api.csproj", "{C9A76FE9-31E9-4110-8A7E-317C95F43282}"
EndProject
Global
	GlobalSection(SolutionConfigurationPlatforms) = preSolution
		Debug|Any CPU = Debug|Any CPU
		Release|Any CPU = Release|Any CPU
	EndGlobalSection
	GlobalSection(ProjectConfigurationPlatforms) = postSolution
		{DF91E4DA-A684-407D-BE5B-8514DB247E5A}.Debug|Any CPU.ActiveCfg = Debug|Any CPU
		{DF91E4DA-A684-407D-BE5B-8514DB247E5A}.Debug|Any CPU.Build.0 = Debug|Any CPU
		{DF91E4DA-A684-407D-BE5B-8514DB247E5A}.Release|Any CPU.ActiveCfg = Release|Any CPU
		{DF91E4DA-A684-407D-BE5B-8514DB247E5A}.Release|Any CPU.Build.0 = Release|Any CPU
		{D3B683AC-9150-40F5-84C8-BF5EEE96C4F8}.Debug|Any CPU.ActiveCfg = Debug|Any CPU
		{D3B683AC-9150-40F5-84C8-BF5EEE96C4F8}.Debug|Any CPU.Build.0 = Debug|Any CPU
		{D3B683AC-9150-40F5-84C8-BF5EEE96C4F8}.Release|Any CPU.ActiveCfg = Release|Any CPU
		{D3B683AC-9150-40F5-84C8-BF5EEE96C4F8}.Release|Any CPU.Build.0 = Release|Any CPU
		{FBD0ED81-C763-420B-BB52-41839DE2FE64}.Debug|Any CPU.ActiveCfg = Debug|Any CPU
		{FBD0ED81-C763-420B-BB52-41839DE2FE64}.Debug|Any CPU.Build.0 = Debug|Any CPU
		{FBD0ED81-C763-420B-BB52-41839DE2FE64}.Release|Any CPU.ActiveCfg = Release|Any CPU
		{FBD0ED81-C763-420B-BB52-41839DE2FE64}.Release|Any CPU.Build.0 = Release|Any CPU
		{BFA2C07C-F65F-446C-8B58-EE5A75024FEE}.Debug|Any CPU.ActiveCfg = Debug|Any CPU
		{BFA2C07C-F65F-446C-8B58-EE5A75024FEE}.Debug|Any CPU.Build.0 = Debug|Any CPU
		{BFA2C07C-F65F-446C-8B58-EE5A75024FEE}.Release|Any CPU.ActiveCfg = Release|Any CPU
		{BFA2C07C-F65F-446C-8B58-EE5A75024FEE}.Release|Any CPU.Build.0 = Release|Any CPU
		{DA7DB620-5443-42DE-80FF-8DE77AEB3BF3}.Debug|Any CPU.ActiveCfg = Debug|Any CPU
		{DA7DB620-5443-42DE-80FF-8DE77AEB3BF3}.Debug|Any CPU.Build.0 = Debug|Any CPU
		{DA7DB620-5443-42DE-80FF-8DE77AEB3BF3}.Release|Any CPU.ActiveCfg = Release|Any CPU
		{DA7DB620-5443-42DE-80FF-8DE77AEB3BF3}.Release|Any CPU.Build.0 = Release|Any CPU
		{046EE7D2-8EAA-4E36-B0D9-143BA0BCB11A}.Debug|Any CPU.ActiveCfg = Debug|Any CPU
		{046EE7D2-8EAA-4E36-B0D9-143BA0BCB11A}.Debug|Any CPU.Build.0 = Debug|Any CPU
		{046EE7D2-8EAA-4E36-B0D9-143BA0BCB11A}.Release|Any CPU.ActiveCfg = Release|Any CPU
		{046EE7D2-8EAA-4E36-B0D9-143BA0BCB11A}.Release|Any CPU.Build.0 = Release|Any CPU
		{76B981B3-0003-4A5C-AD0B-1A85F3A5EE10}.Debug|Any CPU.ActiveCfg = Debug|Any CPU
		{76B981B3-0003-4A5C-AD0B-1A85F3A5EE10}.Debug|Any CPU.Build.0 = Debug|Any CPU
		{76B981B3-0003-4A5C-AD0B-1A85F3A5EE10}.Release|Any CPU.ActiveCfg = Release|Any CPU
		{76B981B3-0003-4A5C-AD0B-1A85F3A5EE10}.Release|Any CPU.Build.0 = Release|Any CPU
		{C9A76FE9-31E9-4110-8A7E-317C95F43282}.Debug|Any CPU.ActiveCfg = Debug|Any CPU
		{C9A76FE9-31E9-4110-8A7E-317C95F43282}.Debug|Any CPU.Build.0 = Debug|Any CPU
		{C9A76FE9-31E9-4110-8A7E-317C95F43282}.Release|Any CPU.ActiveCfg = Release|Any CPU
		{C9A76FE9-31E9-4110-8A7E-317C95F43282}.Release|Any CPU.Build.0 = Release|Any CPU
	EndGlobalSection
	GlobalSection(SolutionProperties) = preSolution
		HideSolutionNode = FALSE
	EndGlobalSection
	GlobalSection(NestedProjects) = preSolution
		{5C29AF9B-5EDD-470F-B28F-3E1168F740CB} = {1AB91D90-6253-4094-AC68-398C43B09A00}
		{DF91E4DA-A684-407D-BE5B-8514DB247E5A} = {1AB91D90-6253-4094-AC68-398C43B09A00}
		{583405A1-84AC-42F8-BA86-AD08CB54AE8B} = {5C29AF9B-5EDD-470F-B28F-3E1168F740CB}
		{A2C5854B-47C0-498E-B262-78C7708D9824} = {5C29AF9B-5EDD-470F-B28F-3E1168F740CB}
		{F0418DDB-17E4-4087-B28E-4E384B33655B} = {5C29AF9B-5EDD-470F-B28F-3E1168F740CB}
		{FE20A912-742C-4364-A886-CE7C5EC91A25} = {A2C5854B-47C0-498E-B262-78C7708D9824}
		{D3B683AC-9150-40F5-84C8-BF5EEE96C4F8} = {FE20A912-742C-4364-A886-CE7C5EC91A25}
		{FBD0ED81-C763-420B-BB52-41839DE2FE64} = {FE20A912-742C-4364-A886-CE7C5EC91A25}
		{BFA2C07C-F65F-446C-8B58-EE5A75024FEE} = {FE20A912-742C-4364-A886-CE7C5EC91A25}
		{DA7DB620-5443-42DE-80FF-8DE77AEB3BF3} = {FE20A912-742C-4364-A886-CE7C5EC91A25}
		{276EB95A-0FA1-4D0B-AF53-0610D71BE231} = {F0418DDB-17E4-4087-B28E-4E384B33655B}
		{CBD20388-09D6-47C6-8BF7-DB5546977E41} = {583405A1-84AC-42F8-BA86-AD08CB54AE8B}
		{046EE7D2-8EAA-4E36-B0D9-143BA0BCB11A} = {A2C5854B-47C0-498E-B262-78C7708D9824}
		{76B981B3-0003-4A5C-AD0B-1A85F3A5EE10} = {F0418DDB-17E4-4087-B28E-4E384B33655B}
		{C9A76FE9-31E9-4110-8A7E-317C95F43282} = {583405A1-84AC-42F8-BA86-AD08CB54AE8B}
	EndGlobalSection
	GlobalSection(ExtensibilityGlobals) = postSolution
		SolutionGuid = {9140E263-C760-42B2-B6C1-1C3A78149568}
	EndGlobalSection
EndGlobal
